
Microsoft Visual Studio Solution File, Format Version 12.00
# Visual Studio Version 17
VisualStudioVersion = 17.12.35728.132 d17.12
MinimumVisualStudioVersion = 10.0.40219.1
Project("{2150E333-8FDC-42A3-9474-1A3956D46DE8}") = "src", "src", "{F4E23651-830D-4311-B5ED-C8AB14AACE72}"
EndProject
Project("{2150E333-8FDC-42A3-9474-1A3956D46DE8}") = "Core", "Core", "{A1B9C448-53AD-46E3-B5BF-597743501CBE}"
EndProject
Project("{2150E333-8FDC-42A3-9474-1A3956D46DE8}") = "Project", "Project", "{C3047F96-08F5-4794-8CB2-EBA02C01C296}"
EndProject
Project("{FAE04EC0-301F-11D3-BF4B-00C04F79EFBC}") = "MediBookAPI.Model", "src\project\MediBookAPI.Model\MediBookAPI.Model.csproj", "{0737D79B-E488-48E5-B474-746125F10EE2}"
EndProject
Project("{FAE04EC0-301F-11D3-BF4B-00C04F79EFBC}") = "MediBookAPI.DataAccess", "src\project\MediBookAPI.DataAccess\MediBookAPI.DataAccess.csproj", "{C0CF9846-87E2-4D43-994A-DAD19DF878AF}"
EndProject
Project("{FAE04EC0-301F-11D3-BF4B-00C04F79EFBC}") = "MediBookAPI.Service", "src\project\MediBookAPI.Service\MediBookAPI.Service.csproj", "{9C1C5B45-1BE3-40C7-980A-D401B541D33A}"
EndProject
Project("{FAE04EC0-301F-11D3-BF4B-00C04F79EFBC}") = "Core.DataAccess", "Core.DataAccess\Core.DataAccess.csproj", "{9876A16D-BE9B-46FD-A590-5B01C3651861}"
EndProject
Project("{FAE04EC0-301F-11D3-BF4B-00C04F79EFBC}") = "MediBookAPI.API", "src\project\MediBookAPI.API\MediBookAPI.API.csproj", "{FAFCDD86-8269-45CB-AEB2-21F57017857E}"
EndProject
Global
	GlobalSection(SolutionConfigurationPlatforms) = preSolution
		Debug|Any CPU = Debug|Any CPU
		Release|Any CPU = Release|Any CPU
	EndGlobalSection
	GlobalSection(ProjectConfigurationPlatforms) = postSolution
		{0737D79B-E488-48E5-B474-746125F10EE2}.Debug|Any CPU.ActiveCfg = Debug|Any CPU
		{0737D79B-E488-48E5-B474-746125F10EE2}.Debug|Any CPU.Build.0 = Debug|Any CPU
		{0737D79B-E488-48E5-B474-746125F10EE2}.Release|Any CPU.ActiveCfg = Release|Any CPU
		{0737D79B-E488-48E5-B474-746125F10EE2}.Release|Any CPU.Build.0 = Release|Any CPU
		{C0CF9846-87E2-4D43-994A-DAD19DF878AF}.Debug|Any CPU.ActiveCfg = Debug|Any CPU
		{C0CF9846-87E2-4D43-994A-DAD19DF878AF}.Debug|Any CPU.Build.0 = Debug|Any CPU
		{C0CF9846-87E2-4D43-994A-DAD19DF878AF}.Release|Any CPU.ActiveCfg = Release|Any CPU
		{C0CF9846-87E2-4D43-994A-DAD19DF878AF}.Release|Any CPU.Build.0 = Release|Any CPU
		{9C1C5B45-1BE3-40C7-980A-D401B541D33A}.Debug|Any CPU.ActiveCfg = Debug|Any CPU
		{9C1C5B45-1BE3-40C7-980A-D401B541D33A}.Debug|Any CPU.Build.0 = Debug|Any CPU
		{9C1C5B45-1BE3-40C7-980A-D401B541D33A}.Release|Any CPU.ActiveCfg = Release|Any CPU
		{9C1C5B45-1BE3-40C7-980A-D401B541D33A}.Release|Any CPU.Build.0 = Release|Any CPU
		{9876A16D-BE9B-46FD-A590-5B01C3651861}.Debug|Any CPU.ActiveCfg = Debug|Any CPU
		{9876A16D-BE9B-46FD-A590-5B01C3651861}.Debug|Any CPU.Build.0 = Debug|Any CPU
		{9876A16D-BE9B-46FD-A590-5B01C3651861}.Release|Any CPU.ActiveCfg = Release|Any CPU
		{9876A16D-BE9B-46FD-A590-5B01C3651861}.Release|Any CPU.Build.0 = Release|Any CPU
		{FAFCDD86-8269-45CB-AEB2-21F57017857E}.Debug|Any CPU.ActiveCfg = Debug|Any CPU
		{FAFCDD86-8269-45CB-AEB2-21F57017857E}.Debug|Any CPU.Build.0 = Debug|Any CPU
		{FAFCDD86-8269-45CB-AEB2-21F57017857E}.Release|Any CPU.ActiveCfg = Release|Any CPU
		{FAFCDD86-8269-45CB-AEB2-21F57017857E}.Release|Any CPU.Build.0 = Release|Any CPU
	EndGlobalSection
	GlobalSection(SolutionProperties) = preSolution
		HideSolutionNode = FALSE
	EndGlobalSection
	GlobalSection(NestedProjects) = preSolution
		{A1B9C448-53AD-46E3-B5BF-597743501CBE} = {F4E23651-830D-4311-B5ED-C8AB14AACE72}
		{C3047F96-08F5-4794-8CB2-EBA02C01C296} = {F4E23651-830D-4311-B5ED-C8AB14AACE72}
		{0737D79B-E488-48E5-B474-746125F10EE2} = {C3047F96-08F5-4794-8CB2-EBA02C01C296}
		{C0CF9846-87E2-4D43-994A-DAD19DF878AF} = {C3047F96-08F5-4794-8CB2-EBA02C01C296}
		{9C1C5B45-1BE3-40C7-980A-D401B541D33A} = {C3047F96-08F5-4794-8CB2-EBA02C01C296}
		{9876A16D-BE9B-46FD-A590-5B01C3651861} = {A1B9C448-53AD-46E3-B5BF-597743501CBE}
		{FAFCDD86-8269-45CB-AEB2-21F57017857E} = {C3047F96-08F5-4794-8CB2-EBA02C01C296}
	EndGlobalSection
EndGlobal
